github.com/brianvoe/gofakeit/v6 v6.23.0 h1:pgVhyWpYq4e0GEVCh2gdZnS/nBX+8SnyTBliHg5xjks=
github.com/brianvoe/gofakeit/v6 v6.23.0/go.mod h1:Ow6qC71xtwm79anlwKRlWZW6zVq9D2XHE4QSSMP/rU8=
github.com/enceve/crypto v0.0.0-20160707101852-34d48bb93815 h1:D22EM5TeYZJp43hGDx6dUng8mvtyYbB9BnE3+BmJR1Q=
github.com/enceve/crypto v0.0.0-20160707101852-34d48bb93815/go.mod h1:wYFFK4LYXbX7j+76mOq7aiC/EAw2S22CrzPHqgsisPw=
