github.com/amenzhinsky/go-memexec v0.7.1 h1:DVm4cXzklaNWZoTJgZUi/dlXtelhC7QBtX4luKjl1qk=
github.com/amenzhinsky/go-memexec v0.7.1/go.mod h1:ApTO9/i2bcii7kvIXi74gum+/zYDzkiOXtuBZoYOKVE=
github.com/brianvoe/gofakeit/v6 v6.23.0 h1:pgVhyWpYq4e0GEVCh2gdZnS/nBX+8SnyTBliHg5xjks=
github.com/brianvoe/gofakeit/v6 v6.23.0/go.mod h1:Ow6qC71xtwm79anlwKRlWZW6zVq9D2XHE4QSSMP/rU8=
github.com/chzyer/logex v1.2.1/go.mod h1:JLbx6lG2kDbNRFnfkgvh4eRJRPX1QCoOIWomwysCBrQ=
github.com/chzyer/readline v1.5.1 h1:upd/6fQk4src78LMRzh5vItIt361/o4uq553V8B5sGI=
github.com/chzyer/readline v1.5.1/go.mod h1:Eh+b79XXUwfKfcPLepksvw2tcLE/Ct21YObkaSkeBlk=
github.com/chzyer/test v1.0.0/go.mod h1:2JlltgoNkt4TW/z9V/IzDdFaMTM2JPIi26O1pF38GC8=
github.com/enceve/crypto v0.0.0-20160707101852-34d48bb93815 h1:D22EM5TeYZJp43hGDx6dUng8mvtyYbB9BnE3+BmJR1Q=
github.com/enceve/crypto v0.0.0-20160707101852-34d48bb93815/go.mod h1:wYFFK4LYXbX7j+76mOq7aiC/EAw2S22CrzPHqgsisPw=
github.com/ropnop/go-clr v0.0.0-20200805161622-a9381fbe4fcd h1:dV3XttZUwgC5hx2aKI+UrLORj8D2B2Mjn8SqOd7OfLg=
github.com/ropnop/go-clr v0.0.0-20200805161622-a9381fbe4fcd/go.mod h1:nmfSwDnx0YNeDE16h8+SlEwL0djctDQ8RSer/35eoo4=
golang.org/x/sys v0.0.0-20200302150141-5c8b2ff67527/go.mod h1:h1NjWce9XRLGQEsW7wpKNCjG9DtNlClVuFLEZdDNbEs=
golang.org/x/sys v0.0.0-20220310020820-b874c991c1a5 h1:y/woIyUBFbpQGKS0u1aHF/40WUDnek3fPOyD08H5Vng=
golang.org/x/sys v0.0.0-20220310020820-b874c991c1a5/go.mod h1:oPkhp1MJrh7nUepCBck5+mAzfO9JrbApNNgaTdGDITg=
golang.org/x/sys v0.12.0 h1:CM0HF96J0hcLAwsHPJZjfdNzs0gftsLfgKt57wWHJ0o=
golang.org/x/sys v0.12.0/go.mod h1:oPkhp1MJrh7nUepCBck5+mAzfO9JrbApNNgaTdGDITg=
golang.org/x/text v0.3.3 h1:cokOdA+Jmi5PJGXLlLllQSgYigAEfHXJAERHVMaCc2k=
golang.org/x/text v0.3.3/go.mod h1:5Zoc/QRtKVWzQhOtBMvqHzDpF6irO9z98xDceosuGiQ=
golang.org/x/tools v0.0.0-20180917221912-90fa682c2a6e/go.mod h1:n7NCudcB/nEzxVGmLbDWY5pfWTLqBcC2KZ6jyYvM4mQ=
